// !$*UTF8*$!
{
	archiveVersion = 1;
	classes = {
	};
	objectVersion = 55;
	objects = {

/* Begin PBXBuildFile section */
		5C740ABD2762F1D700CADB67 /* ChattingAppWithSwiftUIApp.swift in Sources */ = {isa = PBXBuildFile; fileRef = 5C740ABC2762F1D700CADB67 /* ChattingAppWithSwiftUIApp.swift */; };
		5C740ABF2762F1D700CADB67 /* LoginView.swift in Sources */ = {isa = PBXBuildFile; fileRef = 5C740ABE2762F1D700CADB67 /* LoginView.swift */; };
		5C740AC12762F1D800CADB67 /* Assets.xcassets in Resources */ = {isa = PBXBuildFile; fileRef = 5C740AC02762F1D800CADB67 /* Assets.xcassets */; };
		5C740AC42762F1D800CADB67 /* Preview Assets.xcassets in Resources */ = {isa = PBXBuildFile; fileRef = 5C740AC32762F1D800CADB67 /* Preview Assets.xcassets */; };
		5C740AD027631ED200CADB67 /* GoogleService-Info.plist in Resources */ = {isa = PBXBuildFile; fileRef = 5C740ACF27631ED200CADB67 /* GoogleService-Info.plist */; };
		5C7744EC276821CA0062A566 /* ImagePicker.swift in Sources */ = {isa = PBXBuildFile; fileRef = 5C7744EB276821CA0062A566 /* ImagePicker.swift */; };
		5C7744EF27682C0E0062A566 /* MainMessagesView.swift in Sources */ = {isa = PBXBuildFile; fileRef = 5C7744EE27682C0E0062A566 /* MainMessagesView.swift */; };
		5C7744F227684B5D0062A566 /* FirebaseManager.swift in Sources */ = {isa = PBXBuildFile; fileRef = 5C7744F127684B5D0062A566 /* FirebaseManager.swift */; };
		5CE542AF2768504800332604 /* FirebaseAuth in Frameworks */ = {isa = PBXBuildFile; productRef = 5CE542AE2768504800332604 /* FirebaseAuth */; };
		5CE542B12768504800332604 /* FirebaseFirestore in Frameworks */ = {isa = PBXBuildFile; productRef = 5CE542B02768504800332604 /* FirebaseFirestore */; };
		5CE542B32768504800332604 /* FirebaseStorage in Frameworks */ = {isa = PBXBuildFile; productRef = 5CE542B22768504800332604 /* FirebaseStorage */; };
/* End PBXBuildFile section */

/* Begin PBXFileReference section */
		5C740AB92762F1D700CADB67 /* ChattingAppWithSwiftUI.app */ = {isa = PBXFileReference; explicitFileType = wrapper.application; includeInIndex = 0; path = ChattingAppWithSwiftUI.app; sourceTree = BUILT_PRODUCTS_DIR; };
		5C740ABC2762F1D700CADB67 /* ChattingAppWithSwiftUIApp.swift */ = {isa = PBXFileReference; lastKnownFileType = sourcecode.swift; path = ChattingAppWithSwiftUIApp.swift; sourceTree = "<group>"; };
		5C740ABE2762F1D700CADB67 /* LoginView.swift */ = {isa = PBXFileReference; lastKnownFileType = sourcecode.swift; path = LoginView.swift; sourceTree = "<group>"; };
		5C740AC02762F1D800CADB67 /* Assets.xcassets */ = {isa = PBXFileReference; lastKnownFileType = folder.assetcatalog; path = Assets.xcassets; sourceTree = "<group>"; };
		5C740AC32762F1D800CADB67 /* Preview Assets.xcassets */ = {isa = PBXFileReference; lastKnownFileType = folder.assetcatalog; path = "Preview Assets.xcassets"; sourceTree = "<group>"; };
		5C740ACF27631ED200CADB67 /* GoogleService-Info.plist */ = {isa = PBXFileReference; fileEncoding = 4; lastKnownFileType = text.plist.xml; path = "GoogleService-Info.plist"; sourceTree = "<group>"; };
		5C7744EB276821CA0062A566 /* ImagePicker.swift */ = {isa = PBXFileReference; lastKnownFileType = sourcecode.swift; path = ImagePicker.swift; sourceTree = "<group>"; };
		5C7744EE27682C0E0062A566 /* MainMessagesView.swift */ = {isa = PBXFileReference; lastKnownFileType = sourcecode.swift; path = MainMessagesView.swift; sourceTree = "<group>"; };
		5C7744F127684B5D0062A566 /* FirebaseManager.swift */ = {isa = PBXFileReference; lastKnownFileType = sourcecode.swift; path = FirebaseManager.swift; sourceTree = "<group>"; };
/* End PBXFileReference section */

/* Begin PBXFrameworksBuildPhase section */
		5C740AB62762F1D700CADB67 /* Frameworks */ = {
			isa = PBXFrameworksBuildPhase;
			buildActionMask = 2147483647;
			files = (
				5CE542AF2768504800332604 /* FirebaseAuth in Frameworks */,
				5CE542B12768504800332604 /* FirebaseFirestore in Frameworks */,
				5CE542B32768504800332604 /* FirebaseStorage in Frameworks */,
			);
			runOnlyForDeploymentPostprocessing = 0;
		};
/* End PBXFrameworksBuildPhase section */

/* Begin PBXGroup section */
		5C740AB02762F1D700CADB67 = {
			isa = PBXGroup;
			children = (
				5C740ABB2762F1D700CADB67 /* ChattingAppWithSwiftUI */,
				5C740ABA2762F1D700CADB67 /* Products */,
			);
			sourceTree = "<group>";
		};
		5C740ABA2762F1D700CADB67 /* Products */ = {
			isa = PBXGroup;
			children = (
				5C740AB92762F1D700CADB67 /* ChattingAppWithSwiftUI.app */,
			);
			name = Products;
			sourceTree = "<group>";
		};
		5C740ABB2762F1D700CADB67 /* ChattingAppWithSwiftUI */ = {
			isa = PBXGroup;
			children = (
				5C7744F027684B4A0062A566 /* Utils */,
				5C7744ED27682BF70062A566 /* MainMessages */,
				5C740ABC2762F1D700CADB67 /* ChattingAppWithSwiftUIApp.swift */,
				5C740ABE2762F1D700CADB67 /* LoginView.swift */,
				5C7744EB276821CA0062A566 /* ImagePicker.swift */,
				5C740AC02762F1D800CADB67 /* Assets.xcassets */,
				5C740ACF27631ED200CADB67 /* GoogleService-Info.plist */,
				5C740AC22762F1D800CADB67 /* Preview Content */,
			);
			path = ChattingAppWithSwiftUI;
			sourceTree = "<group>";
		};
		5C740AC22762F1D800CADB67 /* Preview Content */ = {
			isa = PBXGroup;
			children = (
				5C740AC32762F1D800CADB67 /* Preview Assets.xcassets */,
			);
			path = "Preview Content";
			sourceTree = "<group>";
		};
		5C7744ED27682BF70062A566 /* MainMessages */ = {
			isa = PBXGroup;
			children = (
				5C7744EE27682C0E0062A566 /* MainMessagesView.swift */,
			);
			path = MainMessages;
			sourceTree = "<group>";
		};
		5C7744F027684B4A0062A566 /* Utils */ = {
			isa = PBXGroup;
			children = (
				5C7744F127684B5D0062A566 /* FirebaseManager.swift */,
			);
			path = Utils;
			sourceTree = "<group>";
		};
/* End PBXGroup section */

/* Begin PBXNativeTarget section */
		5C740AB82762F1D700CADB67 /* ChattingAppWithSwiftUI */ = {
			isa = PBXNativeTarget;
			buildConfigurationList = 5C740AC72762F1D800CADB67 /* Build configuration list for PBXNativeTarget "ChattingAppWithSwiftUI" */;
			buildPhases = (
				5C740AB52762F1D700CADB67 /* Sources */,
				5C740AB62762F1D700CADB67 /* Frameworks */,
				5C740AB72762F1D700CADB67 /* Resources */,
			);
			buildRules = (
			);
			dependencies = (
			);
			name = ChattingAppWithSwiftUI;
			packageProductDependencies = (
				5CE542AE2768504800332604 /* FirebaseAuth */,
				5CE542B02768504800332604 /* FirebaseFirestore */,
				5CE542B22768504800332604 /* FirebaseStorage */,
			);
			productName = ChattingAppWithSwiftUI;
			productReference = 5C740AB92762F1D700CADB67 /* ChattingAppWithSwiftUI.app */;
			productType = "com.apple.product-type.application";
		};
/* End PBXNativeTarget section */

/* Begin PBXProject section */
		5C740AB12762F1D700CADB67 /* Project object */ = {
			isa = PBXProject;
			attributes = {
				BuildIndependentTargetsInParallel = 1;
				LastSwiftUpdateCheck = 1300;
				LastUpgradeCheck = 1300;
				TargetAttributes = {
					5C740AB82762F1D700CADB67 = {
						CreatedOnToolsVersion = 13.0;
					};
				};
			};
			buildConfigurationList = 5C740AB42762F1D700CADB67 /* Build configuration list for PBXProject "ChattingAppWithSwiftUI" */;
			compatibilityVersion = "Xcode 13.0";
			developmentRegion = en;
			hasScannedForEncodings = 0;
			knownRegions = (
				en,
				Base,
			);
			mainGroup = 5C740AB02762F1D700CADB67;
			packageReferences = (
				5CE542AD2768504800332604 /* XCRemoteSwiftPackageReference "firebase-ios-sdk" */,
			);
			productRefGroup = 5C740ABA2762F1D700CADB67 /* Products */;
			projectDirPath = "";
			projectRoot = "";
			targets = (
				5C740AB82762F1D700CADB67 /* ChattingAppWithSwiftUI */,
			);
		};
/* End PBXProject section */

/* Begin PBXResourcesBuildPhase section */
		5C740AB72762F1D700CADB67 /* Resources */ = {
			isa = PBXResourcesBuildPhase;
			buildActionMask = 2147483647;
			files = (
				5C740AD027631ED200CADB67 /* GoogleService-Info.plist in Resources */,
				5C740AC42762F1D800CADB67 /* Preview Assets.xcassets in Resources */,
				5C740AC12762F1D800CADB67 /* Assets.xcassets in Resources */,
			);
			runOnlyForDeploymentPostprocessing = 0;
		};
/* End PBXResourcesBuildPhase section */

/* Begin PBXSourcesBuildPhase section */
		5C740AB52762F1D700CADB67 /* Sources */ = {
			isa = PBXSourcesBuildPhase;
			buildActionMask = 2147483647;
			files = (
				5C7744EC276821CA0062A566 /* ImagePicker.swift in Sources */,
				5C7744EF27682C0E0062A566 /* MainMessagesView.swift in Sources */,
				5C7744F227684B5D0062A566 /* FirebaseManager.swift in Sources */,
				5C740ABF2762F1D700CADB67 /* LoginView.swift in Sources */,
				5C740ABD2762F1D700CADB67 /* ChattingAppWithSwiftUIApp.swift in Sources */,
			);
			runOnlyForDeploymentPostprocessing = 0;
		};
/* End PBXSourcesBuildPhase section */

/* Begin XCBuildConfiguration section */
		5C740AC52762F1D800CADB67 /* Debug */ = {
			isa = XCBuildConfiguration;
			buildSettings = {
				ALWAYS_SEARCH_USER_PATHS = NO;
				CLANG_ANALYZER_NONNULL = YES;
				CLANG_ANALYZER_NUMBER_OBJECT_CONVERSION = YES_AGGRESSIVE;
				CLANG_CXX_LANGUAGE_STANDARD = "gnu++17";
				CLANG_CXX_LIBRARY = "libc++";
				CLANG_ENABLE_MODULES = YES;
				CLANG_ENABLE_OBJC_ARC = YES;
				CLANG_ENABLE_OBJC_WEAK = YES;
				CLANG_WARN_BLOCK_CAPTURE_AUTORELEASING = YES;
				CLANG_WARN_BOOL_CONVERSION = YES;
				CLANG_WARN_COMMA = YES;
				CLANG_WARN_CONSTANT_CONVERSION = YES;
				CLANG_WARN_DEPRECATED_OBJC_IMPLEMENTATIONS = YES;
				CLANG_WARN_DIRECT_OBJC_ISA_USAGE = YES_ERROR;
				CLANG_WARN_DOCUMENTATION_COMMENTS = YES;
				CLANG_WARN_EMPTY_BODY = YES;
				CLANG_WARN_ENUM_CONVERSION = YES;
				CLANG_WARN_INFINITE_RECURSION = YES;
				CLANG_WARN_INT_CONVERSION = YES;
				CLANG_WARN_NON_LITERAL_NULL_CONVERSION = YES;
				CLANG_WARN_OBJC_IMPLICIT_RETAIN_SELF = YES;
				CLANG_WARN_OBJC_LITERAL_CONVERSION = YES;
				CLANG_WARN_OBJC_ROOT_CLASS = YES_ERROR;
				CLANG_WARN_QUOTED_INCLUDE_IN_FRAMEWORK_HEADER = YES;
				CLANG_WARN_RANGE_LOOP_ANALYSIS = YES;
				CLANG_WARN_STRICT_PROTOTYPES = YES;
				CLANG_WARN_SUSPICIOUS_MOVE = YES;
				CLANG_WARN_UNGUARDED_AVAILABILITY = YES_AGGRESSIVE;
				CLANG_WARN_UNREACHABLE_CODE = YES;
				CLANG_WARN__DUPLICATE_METHOD_MATCH = YES;
				COPY_PHASE_STRIP = NO;
				DEBUG_INFORMATION_FORMAT = dwarf;
				ENABLE_STRICT_OBJC_MSGSEND = YES;
				ENABLE_TESTABILITY = YES;
				GCC_C_LANGUAGE_STANDARD = gnu11;
				GCC_DYNAMIC_NO_PIC = NO;
				GCC_NO_COMMON_BLOCKS = YES;
				GCC_OPTIMIZATION_LEVEL = 0;
				GCC_PREPROCESSOR_DEFINITIONS = (
					"DEBUG=1",
					"$(inherited)",
				);
				GCC_WARN_64_TO_32_BIT_CONVERSION = YES;
				GCC_WARN_ABOUT_RETURN_TYPE = YES_ERROR;
				GCC_WARN_UNDECLARED_SELECTOR = YES;
				GCC_WARN_UNINITIALIZED_AUTOS = YES_AGGRESSIVE;
				GCC_WARN_UNUSED_FUNCTION = YES;
				GCC_WARN_UNUSED_VARIABLE = YES;
				IPHONEOS_DEPLOYMENT_TARGET = 15.0;
				MTL_ENABLE_DEBUG_INFO = INCLUDE_SOURCE;
				MTL_FAST_MATH = YES;
				ONLY_ACTIVE_ARCH = YES;
				SDKROOT = iphoneos;
				SWIFT_ACTIVE_COMPILATION_CONDITIONS = DEBUG;
				SWIFT_OPTIMIZATION_LEVEL = "-Onone";
			};
			name = Debug;
		};
		5C740AC62762F1D800CADB67 /* Release */ = {
			isa = XCBuildConfiguration;
			buildSettings = {
				ALWAYS_SEARCH_USER_PATHS = NO;
				CLANG_ANALYZER_NONNULL = YES;
				CLANG_ANALYZER_NUMBER_OBJECT_CONVERSION = YES_AGGRESSIVE;
				CLANG_CXX_LANGUAGE_STANDARD = "gnu++17";
				CLANG_CXX_LIBRARY = "libc++";
				CLANG_ENABLE_MODULES = YES;
				CLANG_ENABLE_OBJC_ARC = YES;
				CLANG_ENABLE_OBJC_WEAK = YES;
				CLANG_WARN_BLOCK_CAPTURE_AUTORELEASING = YES;
				CLANG_WARN_BOOL_CONVERSION = YES;
				CLANG_WARN_COMMA = YES;
				CLANG_WARN_CONSTANT_CONVERSION = YES;
				CLANG_WARN_DEPRECATED_OBJC_IMPLEMENTATIONS = YES;
				CLANG_WARN_DIRECT_OBJC_ISA_USAGE = YES_ERROR;
				CLANG_WARN_DOCUMENTATION_COMMENTS = YES;
				CLANG_WARN_EMPTY_BODY = YES;
				CLANG_WARN_ENUM_CONVERSION = YES;
				CLANG_WARN_INFINITE_RECURSION = YES;
				CLANG_WARN_INT_CONVERSION = YES;
				CLANG_WARN_NON_LITERAL_NULL_CONVERSION = YES;
				CLANG_WARN_OBJC_IMPLICIT_RETAIN_SELF = YES;
				CLANG_WARN_OBJC_LITERAL_CONVERSION = YES;
				CLANG_WARN_OBJC_ROOT_CLASS = YES_ERROR;
				CLANG_WARN_QUOTED_INCLUDE_IN_FRAMEWORK_HEADER = YES;
				CLANG_WARN_RANGE_LOOP_ANALYSIS = YES;
				CLANG_WARN_STRICT_PROTOTYPES = YES;
				CLANG_WARN_SUSPICIOUS_MOVE = YES;
				CLANG_WARN_UNGUARDED_AVAILABILITY = YES_AGGRESSIVE;
				CLANG_WARN_UNREACHABLE_CODE = YES;
				CLANG_WARN__DUPLICATE_METHOD_MATCH = YES;
				COPY_PHASE_STRIP = NO;
				DEBUG_INFORMATION_FORMAT = "dwarf-with-dsym";
				ENABLE_NS_ASSERTIONS = NO;
				ENABLE_STRICT_OBJC_MSGSEND = YES;
				GCC_C_LANGUAGE_STANDARD = gnu11;
				GCC_NO_COMMON_BLOCKS = YES;
				GCC_WARN_64_TO_32_BIT_CONVERSION = YES;
				GCC_WARN_ABOUT_RETURN_TYPE = YES_ERROR;
				GCC_WARN_UNDECLARED_SELECTOR = YES;
				GCC_WARN_UNINITIALIZED_AUTOS = YES_AGGRESSIVE;
				GCC_WARN_UNUSED_FUNCTION = YES;
				GCC_WARN_UNUSED_VARIABLE = YES;
				IPHONEOS_DEPLOYMENT_TARGET = 15.0;
				MTL_ENABLE_DEBUG_INFO = NO;
				MTL_FAST_MATH = YES;
				SDKROOT = iphoneos;
				SWIFT_COMPILATION_MODE = wholemodule;
				SWIFT_OPTIMIZATION_LEVEL = "-O";
				VALIDATE_PRODUCT = YES;
			};
			name = Release;
		};
		5C740AC82762F1D800CADB67 /* Debug */ = {
			isa = XCBuildConfiguration;
			buildSettings = {
				ASSETCATALOG_COMPILER_APPICON_NAME = AppIcon;
				ASSETCATALOG_COMPILER_GLOBAL_ACCENT_COLOR_NAME = AccentColor;
				CODE_SIGN_STYLE = Automatic;
				CURRENT_PROJECT_VERSION = 1;
				DEVELOPMENT_ASSET_PATHS = "\"ChattingAppWithSwiftUI/Preview Content\"";
				DEVELOPMENT_TEAM = Q98PMKLR6Q;
				ENABLE_PREVIEWS = YES;
				GENERATE_INFOPLIST_FILE = YES;
				INFOPLIST_KEY_UIApplicationSceneManifest_Generation = YES;
				INFOPLIST_KEY_UIApplicationSupportsIndirectInputEvents = YES;
				INFOPLIST_KEY_UILaunchScreen_Generation = YES;
				INFOPLIST_KEY_UISupportedInterfaceOrientations_iPad = "UIInterfaceOrientationPortrait UIInterfaceOrientationPortraitUpsideDown UIInterfaceOrientationLandscapeLeft UIInterfaceOrientationLandscapeRight";
				INFOPLIST_KEY_UISupportedInterfaceOrientations_iPhone = "UIInterfaceOrientationPortrait UIInterfaceOrientationLandscapeLeft UIInterfaceOrientationLandscapeRight";
				IPHONEOS_DEPLOYMENT_TARGET = 14.0;
				LD_RUNPATH_SEARCH_PATHS = (
					"$(inherited)",
					"@executable_path/Frameworks",
				);
				MARKETING_VERSION = 1.0;
				PRODUCT_BUNDLE_IDENTIFIER = hy.jn.ChattingAppWithSwiftUI;
				PRODUCT_NAME = "$(TARGET_NAME)";
				SWIFT_EMIT_LOC_STRINGS = YES;
				SWIFT_VERSION = 5.0;
				TARGETED_DEVICE_FAMILY = "1,2";
			};
			name = Debug;
		};
		5C740AC92762F1D800CADB67 /* Release */ = {
			isa = XCBuildConfiguration;
			buildSettings = {
				ASSETCATALOG_COMPILER_APPICON_NAME = AppIcon;
				ASSETCATALOG_COMPILER_GLOBAL_ACCENT_COLOR_NAME = AccentColor;
				CODE_SIGN_STYLE = Automatic;
				CURRENT_PROJECT_VERSION = 1;
				DEVELOPMENT_ASSET_PATHS = "\"ChattingAppWithSwiftUI/Preview Content\"";
				DEVELOPMENT_TEAM = Q98PMKLR6Q;
				ENABLE_PREVIEWS = YES;
				GENERATE_INFOPLIST_FILE = YES;
				INFOPLIST_KEY_UIApplicationSceneManifest_Generation = YES;
				INFOPLIST_KEY_UIApplicationSupportsIndirectInputEvents = YES;
				INFOPLIST_KEY_UILaunchScreen_Generation = YES;
				INFOPLIST_KEY_UISupportedInterfaceOrientations_iPad = "UIInterfaceOrientationPortrait UIInterfaceOrientationPortraitUpsideDown UIInterfaceOrientationLandscapeLeft UIInterfaceOrientationLandscapeRight";
				INFOPLIST_KEY_UISupportedInterfaceOrientations_iPhone = "UIInterfaceOrientationPortrait UIInterfaceOrientationLandscapeLeft UIInterfaceOrientationLandscapeRight";
				IPHONEOS_DEPLOYMENT_TARGET = 14.0;
				LD_RUNPATH_SEARCH_PATHS = (
					"$(inherited)",
					"@executable_path/Frameworks",
				);
				MARKETING_VERSION = 1.0;
				PRODUCT_BUNDLE_IDENTIFIER = hy.jn.ChattingAppWithSwiftUI;
				PRODUCT_NAME = "$(TARGET_NAME)";
				SWIFT_EMIT_LOC_STRINGS = YES;
				SWIFT_VERSION = 5.0;
				TARGETED_DEVICE_FAMILY = "1,2";
			};
			name = Release;
		};
/* End XCBuildConfiguration section */

/* Begin XCConfigurationList section */
		5C740AB42762F1D700CADB67 /* Build configuration list for PBXProject "ChattingAppWithSwiftUI" */ = {
			isa = XCConfigurationList;
			buildConfigurations = (
				5C740AC52762F1D800CADB67 /* Debug */,
				5C740AC62762F1D800CADB67 /* Release */,
			);
			defaultConfigurationIsVisible = 0;
			defaultConfigurationName = Release;
		};
		5C740AC72762F1D800CADB67 /* Build configuration list for PBXNativeTarget "ChattingAppWithSwiftUI" */ = {
			isa = XCConfigurationList;
			buildConfigurations = (
				5C740AC82762F1D800CADB67 /* Debug */,
				5C740AC92762F1D800CADB67 /* Release */,
			);
			defaultConfigurationIsVisible = 0;
			defaultConfigurationName = Release;
		};
/* End XCConfigurationList section */

/* Begin XCRemoteSwiftPackageReference section */
		5CE542AD2768504800332604 /* XCRemoteSwiftPackageReference "firebase-ios-sdk" */ = {
			isa = XCRemoteSwiftPackageReference;
			repositoryURL = "https://github.com/firebase/firebase-ios-sdk.git";
			requirement = {
				branch = master;
				kind = branch;
			};
		};
/* End XCRemoteSwiftPackageReference section */

/* Begin XCSwiftPackageProductDependency section */
		5CE542AE2768504800332604 /* FirebaseAuth */ = {
			isa = XCSwiftPackageProductDependency;
			package = 5CE542AD2768504800332604 /* XCRemoteSwiftPackageReference "firebase-ios-sdk" */;
			productName = FirebaseAuth;
		};
		5CE542B02768504800332604 /* FirebaseFirestore */ = {
			isa = XCSwiftPackageProductDependency;
			package = 5CE542AD2768504800332604 /* XCRemoteSwiftPackageReference "firebase-ios-sdk" */;
			productName = FirebaseFirestore;
		};
		5CE542B22768504800332604 /* FirebaseStorage */ = {
			isa = XCSwiftPackageProductDependency;
			package = 5CE542AD2768504800332604 /* XCRemoteSwiftPackageReference "firebase-ios-sdk" */;
			productName = FirebaseStorage;
		};
/* End XCSwiftPackageProductDependency section */
	};
	rootObject = 5C740AB12762F1D700CADB67 /* Project object */;
}
